
Microsoft Visual Studio Solution File, Format Version 12.00
# Visual Studio Version 17
VisualStudioVersion = 17.8.34601.278
MinimumVisualStudioVersion = 10.0.40219.1
Project("{9A19103F-16F7-4668-BE54-9A1E7A4F7556}") = "DelightFoods_Live", "DelightFoods_Live\DelightFoods_Live.csproj", "{BAAC5162-0814-4246-BEF9-A1B2BB8E505C}"
EndProject
Global
	GlobalSection(SolutionConfigurationPlatforms) = preSolution
		Debug|Any CPU = Debug|Any CPU
		Release|Any CPU = Release|Any CPU
	EndGlobalSection
	GlobalSection(ProjectConfigurationPlatforms) = postSolution
		{BAAC5162-0814-4246-BEF9-A1B2BB8E505C}.Debug|Any CPU.ActiveCfg = Debug|Any CPU
		{BAAC5162-0814-4246-BEF9-A1B2BB8E505C}.Debug|Any CPU.Build.0 = Debug|Any CPU
		{BAAC5162-0814-4246-BEF9-A1B2BB8E505C}.Release|Any CPU.ActiveCfg = Release|Any CPU
		{BAAC5162-0814-4246-BEF9-A1B2BB8E505C}.Release|Any CPU.Build.0 = Release|Any CPU
	EndGlobalSection
	GlobalSection(SolutionProperties) = preSolution
		HideSolutionNode = FALSE
	EndGlobalSection
	GlobalSection(ExtensibilityGlobals) = postSolution
		SolutionGuid = {2F2260CB-2CCD-4907-A709-86FDF8ECE442}
	EndGlobalSection
EndGlobal
